// !$*UTF8*$!
{
	archiveVersion = 1;
	classes = {
	};
	objectVersion = 56;
	objects = {

/* Begin PBXBuildFile section */
		2A76B08E2C715B3600EDDDE9 /* lobbyApp.swift in Sources */ = {isa = PBXBuildFile; fileRef = 2A76B08D2C715B3600EDDDE9 /* lobbyApp.swift */; };
		2A76B0902C715B3600EDDDE9 /* ContentView.swift in Sources */ = {isa = PBXBuildFile; fileRef = 2A76B08F2C715B3600EDDDE9 /* ContentView.swift */; };
		2A76B0922C715B3900EDDDE9 /* Assets.xcassets in Resources */ = {isa = PBXBuildFile; fileRef = 2A76B0912C715B3900EDDDE9 /* Assets.xcassets */; };
		2A76B0952C715B3900EDDDE9 /* Preview Assets.xcassets in Resources */ = {isa = PBXBuildFile; fileRef = 2A76B0942C715B3900EDDDE9 /* Preview Assets.xcassets */; };
		2A76B09C2C715BDD00EDDDE9 /* SubdivisionBottomSheet.swift in Sources */ = {isa = PBXBuildFile; fileRef = 2A76B09B2C715BDD00EDDDE9 /* SubdivisionBottomSheet.swift */; };
		2A76B09E2C715BF600EDDDE9 /* BottomBarView.swift in Sources */ = {isa = PBXBuildFile; fileRef = 2A76B09D2C715BF600EDDDE9 /* BottomBarView.swift */; };
		2A76B0A02C715C0F00EDDDE9 /* BottomSheetContent.swift in Sources */ = {isa = PBXBuildFile; fileRef = 2A76B09F2C715C0F00EDDDE9 /* BottomSheetContent.swift */; };
		2A76B0A22C715C2300EDDDE9 /* BottomSheetView.swift in Sources */ = {isa = PBXBuildFile; fileRef = 2A76B0A12C715C2300EDDDE9 /* BottomSheetView.swift */; };
		2A76B0A42C715C3600EDDDE9 /* SoundBottomSheet.swift in Sources */ = {isa = PBXBuildFile; fileRef = 2A76B0A32C715C3600EDDDE9 /* SoundBottomSheet.swift */; };
		2A76B0A62C715C4B00EDDDE9 /* SoundButton.swift in Sources */ = {isa = PBXBuildFile; fileRef = 2A76B0A52C715C4B00EDDDE9 /* SoundButton.swift */; };
		2A76B0A82C715C6E00EDDDE9 /* SwiftUISlider.swift in Sources */ = {isa = PBXBuildFile; fileRef = 2A76B0A72C715C6E00EDDDE9 /* SwiftUISlider.swift */; };
		2A76B0AE2C715CB500EDDDE9 /* clap.flac in Resources */ = {isa = PBXBuildFile; fileRef = 2A76B0AA2C715CB500EDDDE9 /* clap.flac */; };
		2A76B0AF2C715CB500EDDDE9 /* tap.mp3 in Resources */ = {isa = PBXBuildFile; fileRef = 2A76B0AB2C715CB500EDDDE9 /* tap.mp3 */; };
		2A76B0B02C715CB500EDDDE9 /* click.mp3 in Resources */ = {isa = PBXBuildFile; fileRef = 2A76B0AC2C715CB500EDDDE9 /* click.mp3 */; };
		2A76B0B12C715CB500EDDDE9 /* beep.mp3 in Resources */ = {isa = PBXBuildFile; fileRef = 2A76B0AD2C715CB500EDDDE9 /* beep.mp3 */; };
/* End PBXBuildFile section */

/* Begin PBXFileReference section */
		2A76B08A2C715B3600EDDDE9 /* lobby.app */ = {isa = PBXFileReference; explicitFileType = wrapper.application; includeInIndex = 0; path = lobby.app; sourceTree = BUILT_PRODUCTS_DIR; };
		2A76B08D2C715B3600EDDDE9 /* lobbyApp.swift */ = {isa = PBXFileReference; lastKnownFileType = sourcecode.swift; path = lobbyApp.swift; sourceTree = "<group>"; };
		2A76B08F2C715B3600EDDDE9 /* ContentView.swift */ = {isa = PBXFileReference; lastKnownFileType = sourcecode.swift; path = ContentView.swift; sourceTree = "<group>"; };
		2A76B0912C715B3900EDDDE9 /* Assets.xcassets */ = {isa = PBXFileReference; lastKnownFileType = folder.assetcatalog; path = Assets.xcassets; sourceTree = "<group>"; };
		2A76B0942C715B3900EDDDE9 /* Preview Assets.xcassets */ = {isa = PBXFileReference; lastKnownFileType = folder.assetcatalog; path = "Preview Assets.xcassets"; sourceTree = "<group>"; };
		2A76B09B2C715BDD00EDDDE9 /* SubdivisionBottomSheet.swift */ = {isa = PBXFileReference; lastKnownFileType = sourcecode.swift; path = SubdivisionBottomSheet.swift; sourceTree = "<group>"; };
		2A76B09D2C715BF600EDDDE9 /* BottomBarView.swift */ = {isa = PBXFileReference; lastKnownFileType = sourcecode.swift; path = BottomBarView.swift; sourceTree = "<group>"; };
		2A76B09F2C715C0F00EDDDE9 /* BottomSheetContent.swift */ = {isa = PBXFileReference; lastKnownFileType = sourcecode.swift; path = BottomSheetContent.swift; sourceTree = "<group>"; };
		2A76B0A12C715C2300EDDDE9 /* BottomSheetView.swift */ = {isa = PBXFileReference; lastKnownFileType = sourcecode.swift; path = BottomSheetView.swift; sourceTree = "<group>"; };
		2A76B0A32C715C3600EDDDE9 /* SoundBottomSheet.swift */ = {isa = PBXFileReference; lastKnownFileType = sourcecode.swift; path = SoundBottomSheet.swift; sourceTree = "<group>"; };
		2A76B0A52C715C4B00EDDDE9 /* SoundButton.swift */ = {isa = PBXFileReference; lastKnownFileType = sourcecode.swift; path = SoundButton.swift; sourceTree = "<group>"; };
		2A76B0A72C715C6E00EDDDE9 /* SwiftUISlider.swift */ = {isa = PBXFileReference; lastKnownFileType = sourcecode.swift; path = SwiftUISlider.swift; sourceTree = "<group>"; };
		2A76B0AA2C715CB500EDDDE9 /* clap.flac */ = {isa = PBXFileReference; lastKnownFileType = file; path = clap.flac; sourceTree = "<group>"; };
		2A76B0AB2C715CB500EDDDE9 /* tap.mp3 */ = {isa = PBXFileReference; lastKnownFileType = audio.mp3; path = tap.mp3; sourceTree = "<group>"; };
		2A76B0AC2C715CB500EDDDE9 /* click.mp3 */ = {isa = PBXFileReference; lastKnownFileType = audio.mp3; path = click.mp3; sourceTree = "<group>"; };
		2A76B0AD2C715CB500EDDDE9 /* beep.mp3 */ = {isa = PBXFileReference; lastKnownFileType = audio.mp3; path = beep.mp3; sourceTree = "<group>"; };
/* End PBXFileReference section */

/* Begin PBXFrameworksBuildPhase section */
		2A76B0872C715B3600EDDDE9 /* Frameworks */ = {
			isa = PBXFrameworksBuildPhase;
			buildActionMask = 2147483647;
			files = (
			);
			runOnlyForDeploymentPostprocessing = 0;
		};
/* End PBXFrameworksBuildPhase section */

/* Begin PBXGroup section */
		2A76B0812C715B3600EDDDE9 = {
			isa = PBXGroup;
			children = (
				2A76B08C2C715B3600EDDDE9 /* lobby */,
				2A76B08B2C715B3600EDDDE9 /* Products */,
			);
			sourceTree = "<group>";
		};
		2A76B08B2C715B3600EDDDE9 /* Products */ = {
			isa = PBXGroup;
			children = (
				2A76B08A2C715B3600EDDDE9 /* lobby.app */,
			);
			name = Products;
			sourceTree = "<group>";
		};
		2A76B08C2C715B3600EDDDE9 /* lobby */ = {
			isa = PBXGroup;
			children = (
				2A76B0A92C715CA800EDDDE9 /* sounds */,
				2A76B08D2C715B3600EDDDE9 /* lobbyApp.swift */,
				2A76B08F2C715B3600EDDDE9 /* ContentView.swift */,
				2A76B0912C715B3900EDDDE9 /* Assets.xcassets */,
				2A76B0932C715B3900EDDDE9 /* Preview Content */,
				2A76B09B2C715BDD00EDDDE9 /* SubdivisionBottomSheet.swift */,
				2A76B09D2C715BF600EDDDE9 /* BottomBarView.swift */,
				2A76B09F2C715C0F00EDDDE9 /* BottomSheetContent.swift */,
				2A76B0A12C715C2300EDDDE9 /* BottomSheetView.swift */,
				2A76B0A32C715C3600EDDDE9 /* SoundBottomSheet.swift */,
				2A76B0A52C715C4B00EDDDE9 /* SoundButton.swift */,
				2A76B0A72C715C6E00EDDDE9 /* SwiftUISlider.swift */,
			);
			path = lobby;
			sourceTree = "<group>";
		};
		2A76B0932C715B3900EDDDE9 /* Preview Content */ = {
			isa = PBXGroup;
			children = (
				2A76B0942C715B3900EDDDE9 /* Preview Assets.xcassets */,
			);
			path = "Preview Content";
			sourceTree = "<group>";
		};
		2A76B0A92C715CA800EDDDE9 /* sounds */ = {
			isa = PBXGroup;
			children = (
				2A76B0AD2C715CB500EDDDE9 /* beep.mp3 */,
				2A76B0AA2C715CB500EDDDE9 /* clap.flac */,
				2A76B0AC2C715CB500EDDDE9 /* click.mp3 */,
				2A76B0AB2C715CB500EDDDE9 /* tap.mp3 */,
			);
			path = sounds;
			sourceTree = "<group>";
		};
/* End PBXGroup section */

/* Begin PBXNativeTarget section */
		2A76B0892C715B3600EDDDE9 /* lobby */ = {
			isa = PBXNativeTarget;
			buildConfigurationList = 2A76B0982C715B3900EDDDE9 /* Build configuration list for PBXNativeTarget "lobby" */;
			buildPhases = (
				2A76B0862C715B3600EDDDE9 /* Sources */,
				2A76B0872C715B3600EDDDE9 /* Frameworks */,
				2A76B0882C715B3600EDDDE9 /* Resources */,
			);
			buildRules = (
			);
			dependencies = (
			);
			name = lobby;
			productName = lobby;
			productReference = 2A76B08A2C715B3600EDDDE9 /* lobby.app */;
			productType = "com.apple.product-type.application";
		};
/* End PBXNativeTarget section */

/* Begin PBXProject section */
		2A76B0822C715B3600EDDDE9 /* Project object */ = {
			isa = PBXProject;
			attributes = {
				BuildIndependentTargetsInParallel = 1;
				LastSwiftUpdateCheck = 1540;
				LastUpgradeCheck = 1540;
				TargetAttributes = {
					2A76B0892C715B3600EDDDE9 = {
						CreatedOnToolsVersion = 15.4;
					};
				};
			};
			buildConfigurationList = 2A76B0852C715B3600EDDDE9 /* Build configuration list for PBXProject "lobby" */;
			compatibilityVersion = "Xcode 14.0";
			developmentRegion = en;
			hasScannedForEncodings = 0;
			knownRegions = (
				en,
				Base,
			);
			mainGroup = 2A76B0812C715B3600EDDDE9;
			productRefGroup = 2A76B08B2C715B3600EDDDE9 /* Products */;
			projectDirPath = "";
			projectRoot = "";
			targets = (
				2A76B0892C715B3600EDDDE9 /* lobby */,
			);
		};
/* End PBXProject section */

/* Begin PBXResourcesBuildPhase section */
		2A76B0882C715B3600EDDDE9 /* Resources */ = {
			isa = PBXResourcesBuildPhase;
			buildActionMask = 2147483647;
			files = (
				2A76B0AE2C715CB500EDDDE9 /* clap.flac in Resources */,
				2A76B0B02C715CB500EDDDE9 /* click.mp3 in Resources */,
				2A76B0B12C715CB500EDDDE9 /* beep.mp3 in Resources */,
				2A76B0952C715B3900EDDDE9 /* Preview Assets.xcassets in Resources */,
				2A76B0AF2C715CB500EDDDE9 /* tap.mp3 in Resources */,
				2A76B0922C715B3900EDDDE9 /* Assets.xcassets in Resources */,
			);
			runOnlyForDeploymentPostprocessing = 0;
		};
/* End PBXResourcesBuildPhase section */

/* Begin PBXSourcesBuildPhase section */
		2A76B0862C715B3600EDDDE9 /* Sources */ = {
			isa = PBXSourcesBuildPhase;
			buildActionMask = 2147483647;
			files = (
				2A76B0902C715B3600EDDDE9 /* ContentView.swift in Sources */,
				2A76B0A62C715C4B00EDDDE9 /* SoundButton.swift in Sources */,
				2A76B0A82C715C6E00EDDDE9 /* SwiftUISlider.swift in Sources */,
				2A76B08E2C715B3600EDDDE9 /* lobbyApp.swift in Sources */,
				2A76B09C2C715BDD00EDDDE9 /* SubdivisionBottomSheet.swift in Sources */,
				2A76B09E2C715BF600EDDDE9 /* BottomBarView.swift in Sources */,
				2A76B0A02C715C0F00EDDDE9 /* BottomSheetContent.swift in Sources */,
				2A76B0A22C715C2300EDDDE9 /* BottomSheetView.swift in Sources */,
				2A76B0A42C715C3600EDDDE9 /* SoundBottomSheet.swift in Sources */,
			);
			runOnlyForDeploymentPostprocessing = 0;
		};
/* End PBXSourcesBuildPhase section */

/* Begin XCBuildConfiguration section */
		2A76B0962C715B3900EDDDE9 /* Debug */ = {
			isa = XCBuildConfiguration;
			buildSettings = {
				ALWAYS_SEARCH_USER_PATHS = NO;
				ASSETCATALOG_COMPILER_GENERATE_SWIFT_ASSET_SYMBOL_EXTENSIONS = YES;
				CLANG_ANALYZER_NONNULL = YES;
				CLANG_ANALYZER_NUMBER_OBJECT_CONVERSION = YES_AGGRESSIVE;
				CLANG_CXX_LANGUAGE_STANDARD = "gnu++20";
				CLANG_ENABLE_MODULES = YES;
				CLANG_ENABLE_OBJC_ARC = YES;
				CLANG_ENABLE_OBJC_WEAK = YES;
				CLANG_WARN_BLOCK_CAPTURE_AUTORELEASING = YES;
				CLANG_WARN_BOOL_CONVERSION = YES;
				CLANG_WARN_COMMA = YES;
				CLANG_WARN_CONSTANT_CONVERSION = YES;
				CLANG_WARN_DEPRECATED_OBJC_IMPLEMENTATIONS = YES;
				CLANG_WARN_DIRECT_OBJC_ISA_USAGE = YES_ERROR;
				CLANG_WARN_DOCUMENTATION_COMMENTS = YES;
				CLANG_WARN_EMPTY_BODY = YES;
				CLANG_WARN_ENUM_CONVERSION = YES;
				CLANG_WARN_INFINITE_RECURSION = YES;
				CLANG_WARN_INT_CONVERSION = YES;
				CLANG_WARN_NON_LITERAL_NULL_CONVERSION = YES;
				CLANG_WARN_OBJC_IMPLICIT_RETAIN_SELF = YES;
				CLANG_WARN_OBJC_LITERAL_CONVERSION = YES;
				CLANG_WARN_OBJC_ROOT_CLASS = YES_ERROR;
				CLANG_WARN_QUOTED_INCLUDE_IN_FRAMEWORK_HEADER = YES;
				CLANG_WARN_RANGE_LOOP_ANALYSIS = YES;
				CLANG_WARN_STRICT_PROTOTYPES = YES;
				CLANG_WARN_SUSPICIOUS_MOVE = YES;
				CLANG_WARN_UNGUARDED_AVAILABILITY = YES_AGGRESSIVE;
				CLANG_WARN_UNREACHABLE_CODE = YES;
				CLANG_WARN__DUPLICATE_METHOD_MATCH = YES;
				COPY_PHASE_STRIP = NO;
				DEBUG_INFORMATION_FORMAT = dwarf;
				ENABLE_STRICT_OBJC_MSGSEND = YES;
				ENABLE_TESTABILITY = YES;
				ENABLE_USER_SCRIPT_SANDBOXING = YES;
				GCC_C_LANGUAGE_STANDARD = gnu17;
				GCC_DYNAMIC_NO_PIC = NO;
				GCC_NO_COMMON_BLOCKS = YES;
				GCC_OPTIMIZATION_LEVEL = 0;
				GCC_PREPROCESSOR_DEFINITIONS = (
					"DEBUG=1",
					"$(inherited)",
				);
				GCC_WARN_64_TO_32_BIT_CONVERSION = YES;
				GCC_WARN_ABOUT_RETURN_TYPE = YES_ERROR;
				GCC_WARN_UNDECLARED_SELECTOR = YES;
				GCC_WARN_UNINITIALIZED_AUTOS = YES_AGGRESSIVE;
				GCC_WARN_UNUSED_FUNCTION = YES;
				GCC_WARN_UNUSED_VARIABLE = YES;
				IPHONEOS_DEPLOYMENT_TARGET = 17.5;
				LOCALIZATION_PREFERS_STRING_CATALOGS = YES;
				MTL_ENABLE_DEBUG_INFO = INCLUDE_SOURCE;
				MTL_FAST_MATH = YES;
				ONLY_ACTIVE_ARCH = YES;
				SDKROOT = iphoneos;
				SWIFT_ACTIVE_COMPILATION_CONDITIONS = "DEBUG $(inherited)";
				SWIFT_OPTIMIZATION_LEVEL = "-Onone";
			};
			name = Debug;
		};
		2A76B0972C715B3900EDDDE9 /* Release */ = {
			isa = XCBuildConfiguration;
			buildSettings = {
				ALWAYS_SEARCH_USER_PATHS = NO;
				ASSETCATALOG_COMPILER_GENERATE_SWIFT_ASSET_SYMBOL_EXTENSIONS = YES;
				CLANG_ANALYZER_NONNULL = YES;
				CLANG_ANALYZER_NUMBER_OBJECT_CONVERSION = YES_AGGRESSIVE;
				CLANG_CXX_LANGUAGE_STANDARD = "gnu++20";
				CLANG_ENABLE_MODULES = YES;
				CLANG_ENABLE_OBJC_ARC = YES;
				CLANG_ENABLE_OBJC_WEAK = YES;
				CLANG_WARN_BLOCK_CAPTURE_AUTORELEASING = YES;
				CLANG_WARN_BOOL_CONVERSION = YES;
				CLANG_WARN_COMMA = YES;
				CLANG_WARN_CONSTANT_CONVERSION = YES;
				CLANG_WARN_DEPRECATED_OBJC_IMPLEMENTATIONS = YES;
				CLANG_WARN_DIRECT_OBJC_ISA_USAGE = YES_ERROR;
				CLANG_WARN_DOCUMENTATION_COMMENTS = YES;
				CLANG_WARN_EMPTY_BODY = YES;
				CLANG_WARN_ENUM_CONVERSION = YES;
				CLANG_WARN_INFINITE_RECURSION = YES;
				CLANG_WARN_INT_CONVERSION = YES;
				CLANG_WARN_NON_LITERAL_NULL_CONVERSION = YES;
				CLANG_WARN_OBJC_IMPLICIT_RETAIN_SELF = YES;
				CLANG_WARN_OBJC_LITERAL_CONVERSION = YES;
				CLANG_WARN_OBJC_ROOT_CLASS = YES_ERROR;
				CLANG_WARN_QUOTED_INCLUDE_IN_FRAMEWORK_HEADER = YES;
				CLANG_WARN_RANGE_LOOP_ANALYSIS = YES;
				CLANG_WARN_STRICT_PROTOTYPES = YES;
				CLANG_WARN_SUSPICIOUS_MOVE = YES;
				CLANG_WARN_UNGUARDED_AVAILABILITY = YES_AGGRESSIVE;
				CLANG_WARN_UNREACHABLE_CODE = YES;
				CLANG_WARN__DUPLICATE_METHOD_MATCH = YES;
				COPY_PHASE_STRIP = NO;
				DEBUG_INFORMATION_FORMAT = "dwarf-with-dsym";
				ENABLE_NS_ASSERTIONS = NO;
				ENABLE_STRICT_OBJC_MSGSEND = YES;
				ENABLE_USER_SCRIPT_SANDBOXING = YES;
				GCC_C_LANGUAGE_STANDARD = gnu17;
				GCC_NO_COMMON_BLOCKS = YES;
				GCC_WARN_64_TO_32_BIT_CONVERSION = YES;
				GCC_WARN_ABOUT_RETURN_TYPE = YES_ERROR;
				GCC_WARN_UNDECLARED_SELECTOR = YES;
				GCC_WARN_UNINITIALIZED_AUTOS = YES_AGGRESSIVE;
				GCC_WARN_UNUSED_FUNCTION = YES;
				GCC_WARN_UNUSED_VARIABLE = YES;
				IPHONEOS_DEPLOYMENT_TARGET = 17.5;
				LOCALIZATION_PREFERS_STRING_CATALOGS = YES;
				MTL_ENABLE_DEBUG_INFO = NO;
				MTL_FAST_MATH = YES;
				SDKROOT = iphoneos;
				SWIFT_COMPILATION_MODE = wholemodule;
				VALIDATE_PRODUCT = YES;
			};
			name = Release;
		};
		2A76B0992C715B3900EDDDE9 /* Debug */ = {
			isa = XCBuildConfiguration;
			buildSettings = {
				ASSETCATALOG_COMPILER_APPICON_NAME = AppIcon;
				ASSETCATALOG_COMPILER_GLOBAL_ACCENT_COLOR_NAME = AccentColor;
				CODE_SIGN_STYLE = Automatic;
				CURRENT_PROJECT_VERSION = 1;
				DEVELOPMENT_ASSET_PATHS = "\"lobby/Preview Content\"";
				DEVELOPMENT_TEAM = 8D9TX8C5HD;
				ENABLE_PREVIEWS = YES;
				GENERATE_INFOPLIST_FILE = YES;
				INFOPLIST_KEY_UIApplicationSceneManifest_Generation = YES;
				INFOPLIST_KEY_UIApplicationSupportsIndirectInputEvents = YES;
				INFOPLIST_KEY_UILaunchScreen_Generation = YES;
				INFOPLIST_KEY_UISupportedInterfaceOrientations_iPad = "UIInterfaceOrientationPortrait UIInterfaceOrientationPortraitUpsideDown UIInterfaceOrientationLandscapeLeft UIInterfaceOrientationLandscapeRight";
				INFOPLIST_KEY_UISupportedInterfaceOrientations_iPhone = "UIInterfaceOrientationPortrait UIInterfaceOrientationLandscapeLeft UIInterfaceOrientationLandscapeRight";
				LD_RUNPATH_SEARCH_PATHS = (
					"$(inherited)",
					"@executable_path/Frameworks",
				);
				MARKETING_VERSION = 1.0;
				PRODUCT_BUNDLE_IDENTIFIER = com.app.lobby;
				PRODUCT_NAME = "$(TARGET_NAME)";
				SWIFT_EMIT_LOC_STRINGS = YES;
				SWIFT_VERSION = 5.0;
				TARGETED_DEVICE_FAMILY = "1,2";
			};
			name = Debug;
		};
		2A76B09A2C715B3900EDDDE9 /* Release */ = {
			isa = XCBuildConfiguration;
			buildSettings = {
				ASSETCATALOG_COMPILER_APPICON_NAME = AppIcon;
				ASSETCATALOG_COMPILER_GLOBAL_ACCENT_COLOR_NAME = AccentColor;
				CODE_SIGN_STYLE = Automatic;
				CURRENT_PROJECT_VERSION = 1;
				DEVELOPMENT_ASSET_PATHS = "\"lobby/Preview Content\"";
				DEVELOPMENT_TEAM = 8D9TX8C5HD;
				ENABLE_PREVIEWS = YES;
				GENERATE_INFOPLIST_FILE = YES;
				INFOPLIST_KEY_UIApplicationSceneManifest_Generation = YES;
				INFOPLIST_KEY_UIApplicationSupportsIndirectInputEvents = YES;
				INFOPLIST_KEY_UILaunchScreen_Generation = YES;
				INFOPLIST_KEY_UISupportedInterfaceOrientations_iPad = "UIInterfaceOrientationPortrait UIInterfaceOrientationPortraitUpsideDown UIInterfaceOrientationLandscapeLeft UIInterfaceOrientationLandscapeRight";
				INFOPLIST_KEY_UISupportedInterfaceOrientations_iPhone = "UIInterfaceOrientationPortrait UIInterfaceOrientationLandscapeLeft UIInterfaceOrientationLandscapeRight";
				LD_RUNPATH_SEARCH_PATHS = (
					"$(inherited)",
					"@executable_path/Frameworks",
				);
				MARKETING_VERSION = 1.0;
				PRODUCT_BUNDLE_IDENTIFIER = com.app.lobby;
				PRODUCT_NAME = "$(TARGET_NAME)";
				SWIFT_EMIT_LOC_STRINGS = YES;
				SWIFT_VERSION = 5.0;
				TARGETED_DEVICE_FAMILY = "1,2";
			};
			name = Release;
		};
/* End XCBuildConfiguration section */

/* Begin XCConfigurationList section */
		2A76B0852C715B3600EDDDE9 /* Build configuration list for PBXProject "lobby" */ = {
			isa = XCConfigurationList;
			buildConfigurations = (
				2A76B0962C715B3900EDDDE9 /* Debug */,
				2A76B0972C715B3900EDDDE9 /* Release */,
			);
			defaultConfigurationIsVisible = 0;
			defaultConfigurationName = Release;
		};
		2A76B0982C715B3900EDDDE9 /* Build configuration list for PBXNativeTarget "lobby" */ = {
			isa = XCConfigurationList;
			buildConfigurations = (
				2A76B0992C715B3900EDDDE9 /* Debug */,
				2A76B09A2C715B3900EDDDE9 /* Release */,
			);
			defaultConfigurationIsVisible = 0;
			defaultConfigurationName = Release;
		};
/* End XCConfigurationList section */
	};
	rootObject = 2A76B0822C715B3600EDDDE9 /* Project object */;
}
